{
  "name": "insighthunter",
  "lockfileVersion": 3,
  "requires": true,
  "packages": {
    "": {
      "dependencies": {
        "mmv": "^0.0.0-alpha.0"
      }
    },
    "node_modules/mmv": {
      "version": "0.0.0-alpha.0",
      "resolved": "https://registry.npmjs.org/mmv/-/mmv-0.0.0-alpha.0.tgz",
      "integrity": "sha512-G7A6Tv1E6XCoiSVcJSCDvlfl79t2+e67F+NNdiZ5k+J52GZZ1Ej9eLerw56ifANClplj/CUF/+0uDPxnaAjtvg=="
    }
  }
}
