{
  "name": "insighthunter-auth",
  "version": "0.1.0",
  "lockfileVersion": 3,
  "requires": true,
  "packages": {
    "": {
      "name": "insighthunter-auth",
      "version": "0.1.0",
      "devDependencies": {
        "@cloudflare/workers-types": "^4.20250701.0"
      }
    },
    "../../node_modules/.pnpm/@cloudflare+workers-types@4.20260702.1/node_modules/@cloudflare/workers-types": {
      "version": "4.20260702.1",
      "dev": true,
      "license": "MIT OR Apache-2.0"
    },
    "node_modules/@cloudflare/workers-types": {
      "resolved": "../../node_modules/.pnpm/@cloudflare+workers-types@4.20260702.1/node_modules/@cloudflare/workers-types",
      "link": true
    }
  }
}
