{
  "name": "@insighthunter/bookkeeping",
  "version": "0.1.0",
  "lockfileVersion": 3,
  "requires": true,
  "packages": {
    "": {
      "name": "@insighthunter/bookkeeping",
      "version": "0.1.0",
      "dependencies": {
        "hono": "^4.9.8"
      },
      "devDependencies": {
        "typescript": "^5.9.2",
        "wrangler": "^4.107.0"
      }
    },
    "../../node_modules/.pnpm/@cloudflare+workers-types@4.20260702.1/node_modules/@cloudflare/workers-types": {
      "version": "4.20260702.1",
      "extraneous": true,
      "license": "MIT OR Apache-2.0"
    },
    "../../node_modules/.pnpm/hono@4.12.27/node_modules/hono": {
      "version": "4.12.27",
      "license": "MIT",
      "devDependencies": {
        "@hono/eslint-config": "^2.1.0",
        "@hono/node-server": "^2.0.2",
        "@types/jsdom": "^21.1.7",
        "@types/node": "^24.3.0",
        "@types/ws": "^8.18.1",
        "@typescript/native-preview": "7.0.0-dev.20260210.1",
        "@vitest/coverage-v8": "^4.1.7",
        "bun-types": "^1.2.20",
        "editorconfig-checker": "6.1.1",
        "esbuild": "^0.27.1",
        "eslint": "^9.39.3",
        "jsdom": "22.1.0",
        "msw": "^2.6.0",
        "np": "10.2.0",
        "oxc-parser": "^0.96.0",
        "pkg-pr-new": "^0.0.53",
        "prettier": "3.7.4",
        "publint": "0.3.15",
        "typescript": "^5.9.2",
        "undici": "^6.21.3",
        "vite-plugin-fastly-js-compute": "^0.4.2",
        "vitest": "^4.1.7",
        "wrangler": "4.12.0",
        "ws": "^8.18.0",
        "zod": "^3.23.8"
      },
      "engines": {
        "node": ">=16.9.0"
      }
    },
    "../../node_modules/.pnpm/tsx@4.22.4/node_modules/tsx": {
      "version": "4.22.4",
      "extraneous": true,
      "license": "MIT",
      "dependencies": {
        "esbuild": "~0.28.0"
      },
      "bin": {
        "tsx": "dist/cli.mjs"
      },
      "engines": {
        "node": ">=18.0.0"
      },
      "optionalDependencies": {
        "fsevents": "~2.3.3"
      }
    },
    "../../node_modules/.pnpm/vitest@2.1.9_@types+node@25.9.4_lightningcss@1.33.0/node_modules/vitest": {
      "version": "2.1.9",
      "extraneous": true,
      "license": "MIT",
      "dependencies": {
        "@vitest/expect": "2.1.9",
        "@vitest/mocker": "2.1.9",
        "@vitest/pretty-format": "^2.1.9",
        "@vitest/runner": "2.1.9",
        "@vitest/snapshot": "2.1.9",
        "@vitest/spy": "2.1.9",
        "@vitest/utils": "2.1.9",
        "chai": "^5.1.2",
        "debug": "^4.3.7",
        "expect-type": "^1.1.0",
        "magic-string": "^0.30.12",
        "pathe": "^1.1.2",
        "std-env": "^3.8.0",
        "tinybench": "^2.9.0",
        "tinyexec": "^0.3.1",
        "tinypool": "^1.0.1",
        "tinyrainbow": "^1.2.0",
        "vite": "^5.0.0",
        "vite-node": "2.1.9",
        "why-is-node-running": "^2.3.0"
      },
      "bin": {
        "vitest": "vitest.mjs"
      },
      "devDependencies": {
        "@ampproject/remapping": "^2.3.0",
        "@antfu/install-pkg": "^0.4.1",
        "@edge-runtime/vm": "^4.0.4",
        "@sinonjs/fake-timers": "11.1.0",
        "@types/debug": "^4.1.12",
        "@types/estree": "^1.0.6",
        "@types/istanbul-lib-coverage": "^2.0.6",
        "@types/istanbul-reports": "^3.0.4",
        "@types/jsdom": "^21.1.7",
        "@types/micromatch": "^4.0.9",
        "@types/node": "^22.9.0",
        "@types/prompts": "^2.4.9",
        "@types/sinonjs__fake-timers": "^8.1.5",
        "acorn-walk": "^8.3.4",
        "birpc": "0.2.19",
        "cac": "^6.7.14",
        "chai-subset": "^1.6.0",
        "cli-truncate": "^4.0.0",
        "fast-glob": "3.3.2",
        "find-up": "^6.3.0",
        "flatted": "^3.3.1",
        "get-tsconfig": "^4.8.1",
        "happy-dom": "^15.11.4",
        "jsdom": "^25.0.1",
        "local-pkg": "^0.5.0",
        "log-update": "^5.0.1",
        "micromatch": "^4.0.8",
        "pretty-format": "^29.7.0",
        "prompts": "^2.4.2",
        "strip-literal": "^2.1.0",
        "ws": "^8.18.0"
      },
      "engines": {
        "node": "^18.0.0 || >=20.0.0"
      },
      "funding": {
        "url": "https://opencollective.com/vitest"
      },
      "peerDependencies": {
        "@edge-runtime/vm": "*",
        "@types/node": "^18.0.0 || >=20.0.0",
        "@vitest/browser": "2.1.9",
        "@vitest/ui": "2.1.9",
        "happy-dom": "*",
        "jsdom": "*"
      },
      "peerDependenciesMeta": {
        "@edge-runtime/vm": {
          "optional": true
        },
        "@types/node": {
          "optional": true
        },
        "@vitest/browser": {
          "optional": true
        },
        "@vitest/ui": {
          "optional": true
        },
        "happy-dom": {
          "optional": true
        },
        "jsdom": {
          "optional": true
        }
      }
    },
    "../../node_modules/.pnpm/wrangler@4.107.0_@cloudflare+workers-types@4.20260702.1/node_modules/wrangler": {
      "version": "4.107.0",
      "dev": true,
      "license": "MIT OR Apache-2.0",
      "dependencies": {
        "@cloudflare/kv-asset-handler": "0.5.0",
        "@cloudflare/unenv-preset": "2.16.1",
        "blake3-wasm": "2.1.5",
        "esbuild": "0.28.1",
        "miniflare": "4.20260701.0",
        "path-to-regexp": "6.3.0",
        "unenv": "2.0.0-rc.24",
        "workerd": "1.20260701.1"
      },
      "bin": {
        "cf-wrangler": "bin/cf-wrangler.js",
        "wrangler": "bin/wrangler.js",
        "wrangler2": "bin/wrangler.js"
      },
      "devDependencies": {
        "@aws-sdk/client-s3": "^3.721.0",
        "@bomb.sh/tab": "^0.0.12",
        "@cloudflare/autoconfig": "0.1.2",
        "@cloudflare/cli-shared-helpers": "0.1.11",
        "@cloudflare/codemod": "1.1.0",
        "@cloudflare/config": "0.0.0",
        "@cloudflare/containers-shared": "0.16.0",
        "@cloudflare/deploy-helpers": "0.3.0",
        "@cloudflare/pages-shared": "^0.13.152",
        "@cloudflare/types": "6.18.4",
        "@cloudflare/workers-auth": "0.4.0",
        "@cloudflare/workers-shared": "0.19.7",
        "@cloudflare/workers-tsconfig": "0.0.0",
        "@cloudflare/workers-types": "^4.20260701.1",
        "@cloudflare/workers-utils": "0.25.0",
        "@cloudflare/workflows-shared": "0.11.2",
        "@cspotcode/source-map-support": "0.8.1",
        "@netlify/build-info": "^10.5.1",
        "@sentry/node": "^7.86.0",
        "@sentry/types": "^7.86.0",
        "@sentry/utils": "^7.86.0",
        "@types/command-exists": "^1.2.0",
        "@types/esprima": "^4.0.3",
        "@types/glob-to-regexp": "^0.4.1",
        "@types/javascript-time-ago": "^2.0.3",
        "@types/mime": "^3.0.4",
        "@types/minimatch": "^5.1.2",
        "@types/node": "22.15.17",
        "@types/node-forge": "^1.3.11",
        "@types/prompts": "^2.0.14",
        "@types/resolve": "^1.20.6",
        "@types/shell-quote": "^1.7.2",
        "@types/signal-exit": "^3.0.1",
        "@types/supports-color": "^8.1.1",
        "@types/ws": "^8.5.7",
        "@types/yargs": "^17.0.22",
        "@vitest/ui": "4.1.0",
        "@webcontainer/env": "^1.1.0",
        "am-i-vibing": "^0.5.0",
        "capnweb": "0.5.0",
        "chalk": "5.3.0",
        "chokidar": "^4.0.1",
        "ci-info": "4.4.0",
        "cli-table3": "^0.6.3",
        "cloudflare": "^5.2.0",
        "cmd-shim": "^4.1.0",
        "command-exists": "1.2.9",
        "concurrently": "^8.2.2",
        "date-fns": "^4.1.0",
        "devtools-protocol": "^0.0.1182435",
        "dotenv": "16.3.1",
        "dotenv-expand": "^12.0.2",
        "empathic": "^2.0.0",
        "esprima": "4.0.1",
        "execa": "^6.1.0",
        "get-port": "^7.0.0",
        "glob-to-regexp": "^0.4.1",
        "https-proxy-agent": "7.0.2",
        "itty-time": "^1.0.6",
        "javascript-time-ago": "^2.5.4",
        "jsonc-parser": "3.2.0",
        "md5-file": "5.0.0",
        "mime": "^3.0.0",
        "minimatch": "^5.1.0",
        "mock-socket": "^9.3.1",
        "msw": "2.12.4",
        "node-forge": "^1.3.2",
        "open": "11.0.0",
        "p-queue": "^9.0.0",
        "patch-console": "^1.0.0",
        "pretty-bytes": "^6.0.0",
        "prompts": "^2.4.2",
        "qr": "^0.6.0",
        "recast": "0.23.11",
        "resolve": "^1.22.8",
        "rosie-skills": "^0.8.1",
        "semiver": "^1.1.0",
        "shell-quote": "^1.8.1",
        "signal-exit": "3.0.7",
        "smol-toml": "1.5.2",
        "supports-color": "^9.2.2",
        "timeago.js": "4.0.2",
        "tree-kill": "1.2.2",
        "ts-dedent": "^2.2.0",
        "ts-json-schema-generator": "^1.5.0",
        "tsdown": "0.16.3",
        "tsup": "8.3.0",
        "typescript": "5.8.3",
        "undici": "7.28.0",
        "vitest": "4.1.0",
        "vitest-websocket-mock": "^0.4.0",
        "ws": "8.21.0",
        "xxhash-wasm": "^1.0.1",
        "yaml": "^2.8.1",
        "yargs": "^17.7.2",
        "zod": "^4.4.3"
      },
      "engines": {
        "node": ">=22.0.0"
      },
      "optionalDependencies": {
        "fsevents": "2.3.3"
      },
      "peerDependencies": {
        "@cloudflare/workers-types": "^4.20260701.1"
      },
      "peerDependenciesMeta": {
        "@cloudflare/workers-types": {
          "optional": true
        }
      }
    },
    "../../packages/accounting": {
      "name": "@insighthunter/accounting",
      "extraneous": true,
      "dependencies": {
        "@insighthunter/kernel": "workspace:*"
      },
      "devDependencies": {
        "vitest": "^2.1.3"
      }
    },
    "../../packages/kernel": {
      "name": "@insighthunter/kernel",
      "version": "0.1.0",
      "extraneous": true,
      "devDependencies": {
        "tsx": "^4.19.1",
        "vitest": "^2.1.3"
      }
    },
    "node_modules/hono": {
      "resolved": "../../node_modules/.pnpm/hono@4.12.27/node_modules/hono",
      "link": true
    },
    "node_modules/typescript": {
      "version": "5.9.3",
      "resolved": "https://registry.npmjs.org/typescript/-/typescript-5.9.3.tgz",
      "integrity": "sha512-jl1vZzPDinLr9eUt3J/t7V6FgNEw9QjvBPdysz9KfQDD41fQrC2Y4vKQdiaUpFT4bXlb1RHhLpp8wtm6M5TgSw==",
      "dev": true,
      "license": "Apache-2.0",
      "bin": {
        "tsc": "bin/tsc",
        "tsserver": "bin/tsserver"
      },
      "engines": {
        "node": ">=14.17"
      }
    },
    "node_modules/wrangler": {
      "resolved": "../../node_modules/.pnpm/wrangler@4.107.0_@cloudflare+workers-types@4.20260702.1/node_modules/wrangler",
      "link": true
    }
  }
}
